
Microsoft Visual Studio Solution File, Format Version 12.00
# Visual Studio Version 17
VisualStudioVersion = 17.6.33815.320
MinimumVisualStudioVersion = 10.0.40219.1
Project("{9A19103F-16F7-4668-BE54-9A1E7A4F7556}") = "PrimeiroProjeto", "PrimeiroProjeto\PrimeiroProjeto.csproj", "{D11150DB-9906-44F1-8B73-E0BCE6A60E1E}"
EndProject
Project("{FAE04EC0-301F-11D3-BF4B-00C04F79EFBC}") = "Exercicio1", "Exercicio1\Exercicio1.csproj", "{B078A494-090B-4E6E-B805-EBD6C39CD0CB}"
EndProject
Global
	GlobalSection(SolutionConfigurationPlatforms) = preSolution
		Debug|Any CPU = Debug|Any CPU
		Release|Any CPU = Release|Any CPU
	EndGlobalSection
	GlobalSection(ProjectConfigurationPlatforms) = postSolution
		{D11150DB-9906-44F1-8B73-E0BCE6A60E1E}.Debug|Any CPU.ActiveCfg = Debug|Any CPU
		{D11150DB-9906-44F1-8B73-E0BCE6A60E1E}.Debug|Any CPU.Build.0 = Debug|Any CPU
		{D11150DB-9906-44F1-8B73-E0BCE6A60E1E}.Release|Any CPU.ActiveCfg = Release|Any CPU
		{D11150DB-9906-44F1-8B73-E0BCE6A60E1E}.Release|Any CPU.Build.0 = Release|Any CPU
		{B078A494-090B-4E6E-B805-EBD6C39CD0CB}.Debug|Any CPU.ActiveCfg = Debug|Any CPU
		{B078A494-090B-4E6E-B805-EBD6C39CD0CB}.Debug|Any CPU.Build.0 = Debug|Any CPU
		{B078A494-090B-4E6E-B805-EBD6C39CD0CB}.Release|Any CPU.ActiveCfg = Release|Any CPU
		{B078A494-090B-4E6E-B805-EBD6C39CD0CB}.Release|Any CPU.Build.0 = Release|Any CPU
	EndGlobalSection
	GlobalSection(SolutionProperties) = preSolution
		HideSolutionNode = FALSE
	EndGlobalSection
	GlobalSection(ExtensibilityGlobals) = postSolution
		SolutionGuid = {3F02A35C-1453-4CEC-87FD-46E2BE039B4A}
	EndGlobalSection
EndGlobal
